PODS:
  - Alamofire (5.4.4)
  - AMap2DMap (5.6.1):
    - AMapFoundation (~> 1.4)
  - AMapFoundation (1.8.2)
  - AMapLocation (2.10.0):
    - AMapFoundation (>= 1.8.0)
  - AMapSearch (9.7.4):
    - AMapFoundation (>= 1.8.0)
  - Bugly (2.6.1)
  - CountryPickerView (3.3.0)
  - CryptoSwift (1.8.4)
  - DropDown (2.3.13)
  - FMDB (2.7.12):
    - FMDB/standard (= 2.7.12)
  - FMDB/Core (2.7.12)
  - FMDB/standard (2.7.12):
    - FMDB/Core
  - IMSLog (1.0.8)
  - IotLinkKit (1.2.1):
    - IMSLog
  - IQKeyboardManagerSwift (6.3.0)
  - JRDB (2.1.2):
    - FMDB
  - Kingfisher (8.3.1)
  - MJRefresh (3.7.8)
  - Moya (15.0.0):
    - Moya/Core (= 15.0.0)
  - Moya/Core (15.0.0):
    - Alamofire (~> 5.0)
  - ProgressHUD (14.1.1)
  - Realm (10.13.0):
    - Realm/Headers (= 10.13.0)
  - Realm/Headers (10.13.0)
  - RealmSwift (10.13.0):
    - Realm (= 10.13.0)
  - RxSwift (6.9.0)
  - SDWebImage (5.21.0):
    - SDWebImage/Core (= 5.21.0)
  - SDWebImage/Core (5.21.0)
  - Segmentio (4.1)
  - SnapKit (5.0.1)
  - SwiftyBeaver (1.9.5)
  - SwiftyJSON (5.0.2)
  - Then (3.0.0)
  - Toast (4.1.0)
  - Toaster (2.3.0)
  - TZImagePickerController (3.4.3)
  - YYImage (1.0.4):
    - YYImage/Core (= 1.0.4)
  - YYImage/Core (1.0.4)

DEPENDENCIES:
  - Alamofire (~> 5.4.4)
  - AMap2DMap
  - AMapLocation
  - AMapSearch
  - Bugly
  - CountryPickerView
  - CryptoSwift
  - DropDown
  - IotLinkKit (= 1.2.1)
  - IQKeyboardManagerSwift (= 6.3.0)
  - JRDB (~> 2.1.2)
  - Kingfisher
  - MJRefresh (= 3.7.8)
  - Moya
  - ProgressHUD
  - Realm (~> 10.13.0)
  - RealmSwift (~> 10.13.0)
  - RxSwift
  - SDWebImage
  - Segmentio
  - SnapKit (= 5.0.1)
  - SwiftyBeaver
  - SwiftyJSON
  - Then
  - Toast (= 4.1.0)
  - Toaster
  - TZImagePickerController (= 3.4.3)
  - YYImage

SPEC REPOS:
  https://github.com/aliyun/aliyun-specs.git:
    - IMSLog
    - IotLinkKit
  https://github.com/CocoaPods/Specs.git:
    - Alamofire
    - AMap2DMap
    - AMapFoundation
    - AMapLocation
    - AMapSearch
    - Bugly
    - CountryPickerView
    - CryptoSwift
    - DropDown
    - FMDB
    - IQKeyboardManagerSwift
    - JRDB
    - Kingfisher
    - MJRefresh
    - Moya
    - ProgressHUD
    - Realm
    - RealmSwift
    - RxSwift
    - SDWebImage
    - Segmentio
    - SnapKit
    - SwiftyBeaver
    - SwiftyJSON
    - Then
    - Toast
    - Toaster
    - TZImagePickerController
    - YYImage

SPEC CHECKSUMS:
  Alamofire: f3b09a368f1582ab751b3fff5460276e0d2cf5c9
  AMap2DMap: cac76bc057de18a1641f34df6b50bf5bc6b23571
  AMapFoundation: 9885c48fc3a78fdfb84a0299a2293e56ea3c9fec
  AMapLocation: 5248aec2455ebb5d104b367813c946430a2ee033
  AMapSearch: a30e89212f55a867ac951ce71f800313cd54ad0a
  Bugly: 217ac2ce5f0f2626d43dbaa4f70764c953a26a31
  CountryPickerView: 6322ada32a80b0cd721b0267282a5c24f406f263
  CryptoSwift: e64e11850ede528a02a0f3e768cec8e9d92ecb90
  DropDown: 8a2116376c1981888557f72ec2ffc9a5e0e456ec
  FMDB: 728731dd336af3936ce00f91d9d8495f5718a0e6
  IMSLog: d17ae9fa27c5a31ef5a76ed4e233fd4c89404508
  IotLinkKit: 509ab45c59359880b6b80124687e670d723c6a8c
  IQKeyboardManagerSwift: a8228c257614af98743b4cd8584637025f36358f
  JRDB: 600636d85a7e0006146c349b3e177282766815c0
  Kingfisher: 3204d23de16b5ea53541c44ca5a8efb55741dec3
  MJRefresh: 4e6e7ba77a6d5fab012426777e32b0a77127c50a
  Moya: 138f0573e53411fb3dc17016add0b748dfbd78ee
  ProgressHUD: abb9136ae23c85204236828562cb9a8ec98efb44
  Realm: e3a1225aafa7cec96a020dc199201b9d1f9cd59c
  RealmSwift: 62585b4a934754a9d9117331689f4e8a5b1f6113
  RxSwift: 31649ace6aceeb422e16ff71c60804f9c3281ed9
  SDWebImage: f84b0feeb08d2d11e6a9b843cb06d75ebf5b8868
  Segmentio: ab29def64e1bff6e6e9b97671788a99bed3f1d9f
  SnapKit: 97b92857e3df3a0c71833cce143274bf6ef8e5eb
  SwiftyBeaver: 84069991dd5dca07d7069100985badaca7f0ce82
  SwiftyJSON: f5b1bf1cd8dd53cd25887ac0eabcfd92301c6a5a
  Then: 844265ae87834bbe1147d91d5d41a404da2ec27d
  Toast: ec33c32b8688982cecc6348adeae667c1b9938da
  Toaster: c3473963c78e8cabbf6ea6f11ad0fdaae6f54987
  TZImagePickerController: 4f6e91cf00d67827ec23bd3c2f849cbd054b4979
  YYImage: 1e1b62a9997399593e4b9c4ecfbbabbf1d3f3b54

PODFILE CHECKSUM: 53a0562d59a905a839806a7544f7382ebc4e659c

COCOAPODS: 1.16.2
