PODS:
  - AFNetworking (4.0.1):
    - AFNetworking/NSURLSession (= 4.0.1)
    - AFNetworking/Reachability (= 4.0.1)
    - AFNetworking/Security (= 4.0.1)
    - AFNetworking/Serialization (= 4.0.1)
    - AFNetworking/UIKit (= 4.0.1)
  - AFNetworking/NSURLSession (4.0.1):
    - AFNetworking/Reachability
    - AFNetworking/Security
    - AFNetworking/Serialization
  - AFNetworking/Reachability (4.0.1)
  - AFNetworking/Security (4.0.1)
  - AFNetworking/Serialization (4.0.1)
  - AFNetworking/UIKit (4.0.1):
    - AFNetworking/NSURLSession
  - Alamofire (5.10.2)
  - AMap2DMap (5.6.1):
    - AMapFoundation (~> 1.4)
  - AMapFoundation (1.8.2)
  - AMapLocation (2.10.0):
    - AMapFoundation (>= 1.8.0)
  - AMapSearch (9.7.4):
    - AMapFoundation (>= 1.8.0)
  - Bugly (2.6.1)
  - CountryPickerView (3.3.0)
  - CryptoSwift (1.8.4)
  - DropDown (2.3.13)
  - IMSLog (1.0.8)
  - IotLinkKit (1.2.1):
    - IMSLog
  - IQKeyboardManagerSwift (6.5.16)
  - Kingfisher (8.3.2)
  - MJRefresh (3.7.8)
  - Moya (15.0.0):
    - Moya/Core (= 15.0.0)
  - Moya/Core (15.0.0):
    - Alamofire (~> 5.0)
  - ProgressHUD (14.1.1)
  - Realm (20.0.2):
    - Realm/Headers (= 20.0.2)
  - Realm/Headers (20.0.2)
  - RealmSwift (20.0.2):
    - Realm (= 20.0.2)
  - RxSwift (6.9.0)
  - SDWebImage (5.21.1):
    - SDWebImage/Core (= 5.21.1)
  - SDWebImage/Core (5.21.1)
  - Segmentio (4.1)
  - SnapKit (5.0.1)
  - SwiftyBeaver (1.9.5)
  - SwiftyJSON (5.0.2)
  - Then (3.0.0)
  - Toast (4.1.0)
  - Toaster (2.3.0)
  - TZImagePickerController (3.4.3)
  - YYImage (1.0.4):
    - YYImage/Core (= 1.0.4)
  - YYImage/Core (1.0.4)

DEPENDENCIES:
  - AFNetworking
  - Alamofire (~> 5.10.2)
  - AMap2DMap
  - AMapLocation
  - AMapSearch
  - Bugly
  - CountryPickerView
  - CryptoSwift
  - DropDown
  - IotLinkKit (= 1.2.1)
  - IQKeyboardManagerSwift (~> 6.5.0)
  - Kingfisher
  - MJRefresh (= 3.7.8)
  - Moya
  - ProgressHUD
  - Realm (~> 20.0.2)
  - RealmSwift (~> 20.0.2)
  - RxSwift
  - SDWebImage
  - Segmentio
  - SnapKit (= 5.0.1)
  - SwiftyBeaver
  - SwiftyJSON
  - Then
  - Toast (= 4.1.0)
  - Toaster
  - TZImagePickerController (= 3.4.3)
  - YYImage

SPEC REPOS:
  https://github.com/aliyun/aliyun-specs.git:
    - IMSLog
    - IotLinkKit
  https://github.com/CocoaPods/Specs.git:
    - AFNetworking
    - Alamofire
    - AMap2DMap
    - AMapFoundation
    - AMapLocation
    - AMapSearch
    - Bugly
    - CountryPickerView
    - CryptoSwift
    - DropDown
    - IQKeyboardManagerSwift
    - Kingfisher
    - MJRefresh
    - Moya
    - ProgressHUD
    - Realm
    - RealmSwift
    - RxSwift
    - SDWebImage
    - Segmentio
    - SnapKit
    - SwiftyBeaver
    - SwiftyJSON
    - Then
    - Toast
    - Toaster
    - TZImagePickerController
    - YYImage

SPEC CHECKSUMS:
  AFNetworking: 3bd23d814e976cd148d7d44c3ab78017b744cd58
  Alamofire: 7193b3b92c74a07f85569e1a6c4f4237291e7496
  AMap2DMap: cac76bc057de18a1641f34df6b50bf5bc6b23571
  AMapFoundation: 9885c48fc3a78fdfb84a0299a2293e56ea3c9fec
  AMapLocation: 5248aec2455ebb5d104b367813c946430a2ee033
  AMapSearch: a30e89212f55a867ac951ce71f800313cd54ad0a
  Bugly: 217ac2ce5f0f2626d43dbaa4f70764c953a26a31
  CountryPickerView: 6322ada32a80b0cd721b0267282a5c24f406f263
  CryptoSwift: e64e11850ede528a02a0f3e768cec8e9d92ecb90
  DropDown: 8a2116376c1981888557f72ec2ffc9a5e0e456ec
  IMSLog: d17ae9fa27c5a31ef5a76ed4e233fd4c89404508
  IotLinkKit: 509ab45c59359880b6b80124687e670d723c6a8c
  IQKeyboardManagerSwift: 12d89768845bb77b55cc092ecc2b1f9370f06b76
  Kingfisher: 0621d0ac0c78fecb19f6dc5303bde2b52abaf2f5
  MJRefresh: 4e6e7ba77a6d5fab012426777e32b0a77127c50a
  Moya: 138f0573e53411fb3dc17016add0b748dfbd78ee
  ProgressHUD: abb9136ae23c85204236828562cb9a8ec98efb44
  Realm: 395416e3b150a37ca12fee6477a2ec8c11f8a048
  RealmSwift: 199fd4d7e86491d1147c662c6a36aa55136a54d0
  RxSwift: 31649ace6aceeb422e16ff71c60804f9c3281ed9
  SDWebImage: f29024626962457f3470184232766516dee8dfea
  Segmentio: ab29def64e1bff6e6e9b97671788a99bed3f1d9f
  SnapKit: 97b92857e3df3a0c71833cce143274bf6ef8e5eb
  SwiftyBeaver: 84069991dd5dca07d7069100985badaca7f0ce82
  SwiftyJSON: f5b1bf1cd8dd53cd25887ac0eabcfd92301c6a5a
  Then: 844265ae87834bbe1147d91d5d41a404da2ec27d
  Toast: ec33c32b8688982cecc6348adeae667c1b9938da
  Toaster: c3473963c78e8cabbf6ea6f11ad0fdaae6f54987
  TZImagePickerController: 4f6e91cf00d67827ec23bd3c2f849cbd054b4979
  YYImage: 1e1b62a9997399593e4b9c4ecfbbabbf1d3f3b54

PODFILE CHECKSUM: be0ea344936d1e1740456123515545fc5a3a2cac

COCOAPODS: 1.16.2
