PODS:
  - AFNetworking (4.0.1):
    - AFNetworking/NSURLSession (= 4.0.1)
    - AFNetworking/Reachability (= 4.0.1)
    - AFNetworking/Security (= 4.0.1)
    - AFNetworking/Serialization (= 4.0.1)
    - AFNetworking/UIKit (= 4.0.1)
  - AFNetworking/NSURLSession (4.0.1):
    - AFNetworking/Reachability
    - AFNetworking/Security
    - AFNetworking/Serialization
  - AFNetworking/Reachability (4.0.1)
  - AFNetworking/Security (4.0.1)
  - AFNetworking/Serialization (4.0.1)
  - AFNetworking/UIKit (4.0.1):
    - AFNetworking/NSURLSession
  - Alamofire (5.4.3)
  - AliyunOSSiOS (2.10.9)
  - AMap2DMap (5.6.1):
    - AMapFoundation (~> 1.4)
  - AMapFoundation (1.6.7)
  - AMapLocation (2.6.8):
    - AMapFoundation (~> 1.6.4)
  - CountryPickerView (3.2.0)
  - IQKeyboardManagerSwift (6.3.0)
  - Kingfisher (6.3.0)
  - NVActivityIndicatorView (5.1.1):
    - NVActivityIndicatorView/Base (= 5.1.1)
  - NVActivityIndicatorView/Base (5.1.1)
  - ObjcExceptionBridging (1.0.1):
    - ObjcExceptionBridging/ObjcExceptionBridging (= 1.0.1)
  - ObjcExceptionBridging/ObjcExceptionBridging (1.0.1)
  - ProgressHUD (2.70)
  - Realm (10.7.6):
    - Realm/Headers (= 10.7.6)
  - Realm/Headers (10.7.6)
  - RealmSwift (10.7.6):
    - Realm (= 10.7.6)
  - Segmentio (4.1)
  - SnapKit (5.0.1)
  - Then (2.7.0)
  - Toast (4.0.0)
  - Toaster (2.3.0)
  - XCGLogger (7.0.1):
    - XCGLogger/Core (= 7.0.1)
  - XCGLogger/Core (7.0.1):
    - ObjcExceptionBridging

DEPENDENCIES:
  - AFNetworking
  - Alamofire (~> 5.2)
  - AliyunOSSiOS
  - AMap2DMap
  - AMapLocation
  - CountryPickerView
  - IQKeyboardManagerSwift (= 6.3.0)
  - Kingfisher
  - NVActivityIndicatorView
  - ProgressHUD
  - Realm
  - RealmSwift
  - Segmentio
  - SnapKit
  - Then
  - Toast
  - Toaster (from `https://github.com/devxoul/Toaster.git`, branch `master`)
  - XCGLogger

SPEC REPOS:
  https://github.com/CocoaPods/Specs.git:
    - AFNetworking
    - Alamofire
    - AliyunOSSiOS
    - AMap2DMap
    - AMapFoundation
    - AMapLocation
    - CountryPickerView
    - IQKeyboardManagerSwift
    - Kingfisher
    - NVActivityIndicatorView
    - ObjcExceptionBridging
    - ProgressHUD
    - Realm
    - RealmSwift
    - Segmentio
    - SnapKit
    - Then
    - Toast
    - XCGLogger

EXTERNAL SOURCES:
  Toaster:
    :branch: master
    :git: https://github.com/devxoul/Toaster.git

CHECKOUT OPTIONS:
  Toaster:
    :commit: b4fa1aa8d9231ea62dac5c3255f4313d727d22a4
    :git: https://github.com/devxoul/Toaster.git

SPEC CHECKSUMS:
  AFNetworking: 7864c38297c79aaca1500c33288e429c3451fdce
  Alamofire: e447a2774a40c996748296fa2c55112fdbbc42f9
  AliyunOSSiOS: 13173e9eaf05d3816315319876025de3028ea31d
  AMap2DMap: cac76bc057de18a1641f34df6b50bf5bc6b23571
  AMapFoundation: c7da72b42a713f1429c88af1858d623dde88934b
  AMapLocation: dad27669c4ca68e395ce7532ff614b7d4d45f7b7
  CountryPickerView: 9b093bfffb4b06a69ba6185a798cadbf863720e7
  IQKeyboardManagerSwift: a8228c257614af98743b4cd8584637025f36358f
  Kingfisher: 6c3df386db71d82c0817a429d2c9421a77396529
  NVActivityIndicatorView: 1f6c5687f1171810aa27a3296814dc2d7dec3667
  ObjcExceptionBridging: c30e00eb3700467e695faeea30e26e18bd445001
  ProgressHUD: e603e8b8622c47d8818b9fb38b3cfe9d3e7ca421
  Realm: ed860452717c8db8f4bf832b6807f7f2ce708839
  RealmSwift: e31c4ddbcc42ac879313d656b86f9ca539f6f4f4
  Segmentio: ab29def64e1bff6e6e9b97671788a99bed3f1d9f
  SnapKit: 97b92857e3df3a0c71833cce143274bf6ef8e5eb
  Then: acfe0be7e98221c6204e12f8161459606d5d822d
  Toast: 91b396c56ee72a5790816f40d3a94dd357abc196
  Toaster: c3473963c78e8cabbf6ea6f11ad0fdaae6f54987
  XCGLogger: 1943831ef907df55108b0b18657953f868de973b

PODFILE CHECKSUM: 7ea88dba230b3577bf946db564ae908b6e740dcb

COCOAPODS: 1.10.1
